// !$*UTF8*$!
{
	archiveVersion = 1;
	classes = {
	};
	objectVersion = 50;
	objects = {

/* Begin PBXBuildFile section */
		EEDEB7A821772036007B4835 /* AppDelegate.m in Sources */ = {isa = PBXBuildFile; fileRef = EEDEB7A721772036007B4835 /* AppDelegate.m */; };
		EEDEB7AB21772036007B4835 /* ViewController.m in Sources */ = {isa = PBXBuildFile; fileRef = EEDEB7AA21772036007B4835 /* ViewController.m */; };
		EEDEB7AE21772036007B4835 /* Main.storyboard in Resources */ = {isa = PBXBuildFile; fileRef = EEDEB7AC21772036007B4835 /* Main.storyboard */; };
		EEDEB7B021772038007B4835 /* Assets.xcassets in Resources */ = {isa = PBXBuildFile; fileRef = EEDEB7AF21772038007B4835 /* Assets.xcassets */; };
		EEDEB7B321772038007B4835 /* LaunchScreen.storyboard in Resources */ = {isa = PBXBuildFile; fileRef = EEDEB7B121772038007B4835 /* LaunchScreen.storyboard */; };
		EEDEB7B621772038007B4835 /* main.m in Sources */ = {isa = PBXBuildFile; fileRef = EEDEB7B521772038007B4835 /* main.m */; };
/* End PBXBuildFile section */

/* Begin PBXFileReference section */
		EEDEB7A321772036007B4835 /* siriShortCutDemo.app */ = {isa = PBXFileReference; explicitFileType = wrapper.application; includeInIndex = 0; path = siriShortCutDemo.app; sourceTree = BUILT_PRODUCTS_DIR; };
		EEDEB7A621772036007B4835 /* AppDelegate.h */ = {isa = PBXFileReference; lastKnownFileType = sourcecode.c.h; path = AppDelegate.h; sourceTree = "<group>"; };
		EEDEB7A721772036007B4835 /* AppDelegate.m */ = {isa = PBXFileReference; lastKnownFileType = sourcecode.c.objc; path = AppDelegate.m; sourceTree = "<group>"; };
		EEDEB7A921772036007B4835 /* ViewController.h */ = {isa = PBXFileReference; lastKnownFileType = sourcecode.c.h; path = ViewController.h; sourceTree = "<group>"; };
		EEDEB7AA21772036007B4835 /* ViewController.m */ = {isa = PBXFileReference; lastKnownFileType = sourcecode.c.objc; path = ViewController.m; sourceTree = "<group>"; };
		EEDEB7AD21772036007B4835 /* Base */ = {isa = PBXFileReference; lastKnownFileType = file.storyboard; name = Base; path = Base.lproj/Main.storyboard; sourceTree = "<group>"; };
		EEDEB7AF21772038007B4835 /* Assets.xcassets */ = {isa = PBXFileReference; lastKnownFileType = folder.assetcatalog; path = Assets.xcassets; sourceTree = "<group>"; };
		EEDEB7B221772038007B4835 /* Base */ = {isa = PBXFileReference; lastKnownFileType = file.storyboard; name = Base; path = Base.lproj/LaunchScreen.storyboard; sourceTree = "<group>"; };
		EEDEB7B421772038007B4835 /* Info.plist */ = {isa = PBXFileReference; lastKnownFileType = text.plist.xml; path = Info.plist; sourceTree = "<group>"; };
		EEDEB7B521772038007B4835 /* main.m */ = {isa = PBXFileReference; lastKnownFileType = sourcecode.c.objc; path = main.m; sourceTree = "<group>"; };
/* End PBXFileReference section */

/* Begin PBXFrameworksBuildPhase section */
		EEDEB7A021772036007B4835 /* Frameworks */ = {
			isa = PBXFrameworksBuildPhase;
			buildActionMask = 2147483647;
			files = (
			);
			runOnlyForDeploymentPostprocessing = 0;
		};
/* End PBXFrameworksBuildPhase section */

/* Begin PBXGroup section */
		EEDEB79A21772036007B4835 = {
			isa = PBXGroup;
			children = (
				EEDEB7A521772036007B4835 /* siriShortCutDemo */,
				EEDEB7A421772036007B4835 /* Products */,
			);
			sourceTree = "<group>";
		};
		EEDEB7A421772036007B4835 /* Products */ = {
			isa = PBXGroup;
			children = (
				EEDEB7A321772036007B4835 /* siriShortCutDemo.app */,
			);
			name = Products;
			sourceTree = "<group>";
		};
		EEDEB7A521772036007B4835 /* siriShortCutDemo */ = {
			isa = PBXGroup;
			children = (
				EEDEB7A621772036007B4835 /* AppDelegate.h */,
				EEDEB7A721772036007B4835 /* AppDelegate.m */,
				EEDEB7A921772036007B4835 /* ViewController.h */,
				EEDEB7AA21772036007B4835 /* ViewController.m */,
				EEDEB7AC21772036007B4835 /* Main.storyboard */,
				EEDEB7AF21772038007B4835 /* Assets.xcassets */,
				EEDEB7B121772038007B4835 /* LaunchScreen.storyboard */,
				EEDEB7B421772038007B4835 /* Info.plist */,
				EEDEB7B521772038007B4835 /* main.m */,
			);
			path = siriShortCutDemo;
			sourceTree = "<group>";
		};
/* End PBXGroup section */

/* Begin PBXNativeTarget section */
		EEDEB7A221772036007B4835 /* siriShortCutDemo */ = {
			isa = PBXNativeTarget;
			buildConfigurationList = EEDEB7B921772038007B4835 /* Build configuration list for PBXNativeTarget "siriShortCutDemo" */;
			buildPhases = (
				EEDEB79F21772036007B4835 /* Sources */,
				EEDEB7A021772036007B4835 /* Frameworks */,
				EEDEB7A121772036007B4835 /* Resources */,
			);
			buildRules = (
			);
			dependencies = (
			);
			name = siriShortCutDemo;
			productName = siriShortCutDemo;
			productReference = EEDEB7A321772036007B4835 /* siriShortCutDemo.app */;
			productType = "com.apple.product-type.application";
		};
/* End PBXNativeTarget section */

/* Begin PBXProject section */
		EEDEB79B21772036007B4835 /* Project object */ = {
			isa = PBXProject;
			attributes = {
				LastUpgradeCheck = 1010;
				ORGANIZATIONNAME = jinren;
				TargetAttributes = {
					EEDEB7A221772036007B4835 = {
						CreatedOnToolsVersion = 10.1;
					};
				};
			};
			buildConfigurationList = EEDEB79E21772036007B4835 /* Build configuration list for PBXProject "siriShortCutDemo" */;
			compatibilityVersion = "Xcode 9.3";
			developmentRegion = en;
			hasScannedForEncodings = 0;
			knownRegions = (
				en,
				Base,
			);
			mainGroup = EEDEB79A21772036007B4835;
			productRefGroup = EEDEB7A421772036007B4835 /* Products */;
			projectDirPath = "";
			projectRoot = "";
			targets = (
				EEDEB7A221772036007B4835 /* siriShortCutDemo */,
			);
		};
/* End PBXProject section */

/* Begin PBXResourcesBuildPhase section */
		EEDEB7A121772036007B4835 /* Resources */ = {
			isa = PBXResourcesBuildPhase;
			buildActionMask = 2147483647;
			files = (
				EEDEB7B321772038007B4835 /* LaunchScreen.storyboard in Resources */,
				EEDEB7B021772038007B4835 /* Assets.xcassets in Resources */,
				EEDEB7AE21772036007B4835 /* Main.storyboard in Resources */,
			);
			runOnlyForDeploymentPostprocessing = 0;
		};
/* End PBXResourcesBuildPhase section */

/* Begin PBXSourcesBuildPhase section */
		EEDEB79F21772036007B4835 /* Sources */ = {
			isa = PBXSourcesBuildPhase;
			buildActionMask = 2147483647;
			files = (
				EEDEB7AB21772036007B4835 /* ViewController.m in Sources */,
				EEDEB7B621772038007B4835 /* main.m in Sources */,
				EEDEB7A821772036007B4835 /* AppDelegate.m in Sources */,
			);
			runOnlyForDeploymentPostprocessing = 0;
		};
/* End PBXSourcesBuildPhase section */

/* Begin PBXVariantGroup section */
		EEDEB7AC21772036007B4835 /* Main.storyboard */ = {
			isa = PBXVariantGroup;
			children = (
				EEDEB7AD21772036007B4835 /* Base */,
			);
			name = Main.storyboard;
			sourceTree = "<group>";
		};
		EEDEB7B121772038007B4835 /* LaunchScreen.storyboard */ = {
			isa = PBXVariantGroup;
			children = (
				EEDEB7B221772038007B4835 /* Base */,
			);
			name = LaunchScreen.storyboard;
			sourceTree = "<group>";
		};
/* End PBXVariantGroup section */

/* Begin XCBuildConfiguration section */
		EEDEB7B721772038007B4835 /* Debug */ = {
			isa = XCBuildConfiguration;
			buildSettings = {
				ALWAYS_SEARCH_USER_PATHS = NO;
				CLANG_ANALYZER_NONNULL = YES;
				CLANG_ANALYZER_NUMBER_OBJECT_CONVERSION = YES_AGGRESSIVE;
				CLANG_CXX_LANGUAGE_STANDARD = "gnu++14";
				CLANG_CXX_LIBRARY = "libc++";
				CLANG_ENABLE_MODULES = YES;
				CLANG_ENABLE_OBJC_ARC = YES;
				CLANG_ENABLE_OBJC_WEAK = YES;
				CLANG_WARN_BLOCK_CAPTURE_AUTORELEASING = YES;
				CLANG_WARN_BOOL_CONVERSION = YES;
				CLANG_WARN_COMMA = YES;
				CLANG_WARN_CONSTANT_CONVERSION = YES;
				CLANG_WARN_DEPRECATED_OBJC_IMPLEMENTATIONS = YES;
				CLANG_WARN_DIRECT_OBJC_ISA_USAGE = YES_ERROR;
				CLANG_WARN_DOCUMENTATION_COMMENTS = YES;
				CLANG_WARN_EMPTY_BODY = YES;
				CLANG_WARN_ENUM_CONVERSION = YES;
				CLANG_WARN_INFINITE_RECURSION = YES;
				CLANG_WARN_INT_CONVERSION = YES;
				CLANG_WARN_NON_LITERAL_NULL_CONVERSION = YES;
				CLANG_WARN_OBJC_IMPLICIT_RETAIN_SELF = YES;
				CLANG_WARN_OBJC_LITERAL_CONVERSION = YES;
				CLANG_WARN_OBJC_ROOT_CLASS = YES_ERROR;
				CLANG_WARN_RANGE_LOOP_ANALYSIS = YES;
				CLANG_WARN_STRICT_PROTOTYPES = YES;
				CLANG_WARN_SUSPICIOUS_MOVE = YES;
				CLANG_WARN_UNGUARDED_AVAILABILITY = YES_AGGRESSIVE;
				CLANG_WARN_UNREACHABLE_CODE = YES;
				CLANG_WARN__DUPLICATE_METHOD_MATCH = YES;
				CODE_SIGN_IDENTITY = "iPhone Developer";
				COPY_PHASE_STRIP = NO;
				DEBUG_INFORMATION_FORMAT = dwarf;
				ENABLE_STRICT_OBJC_MSGSEND = YES;
				ENABLE_TESTABILITY = YES;
				GCC_C_LANGUAGE_STANDARD = gnu11;
				GCC_DYNAMIC_NO_PIC = NO;
				GCC_NO_COMMON_BLOCKS = YES;
				GCC_OPTIMIZATION_LEVEL = 0;
				GCC_PREPROCESSOR_DEFINITIONS = (
					"DEBUG=1",
					"$(inherited)",
				);
				GCC_WARN_64_TO_32_BIT_CONVERSION = YES;
				GCC_WARN_ABOUT_RETURN_TYPE = YES_ERROR;
				GCC_WARN_UNDECLARED_SELECTOR = YES;
				GCC_WARN_UNINITIALIZED_AUTOS = YES_AGGRESSIVE;
				GCC_WARN_UNUSED_FUNCTION = YES;
				GCC_WARN_UNUSED_VARIABLE = YES;
				IPHONEOS_DEPLOYMENT_TARGET = 12.1;
				MTL_ENABLE_DEBUG_INFO = INCLUDE_SOURCE;
				MTL_FAST_MATH = YES;
				ONLY_ACTIVE_ARCH = YES;
				SDKROOT = iphoneos;
			};
			name = Debug;
		};
		EEDEB7B821772038007B4835 /* Release */ = {
			isa = XCBuildConfiguration;
			buildSettings = {
				ALWAYS_SEARCH_USER_PATHS = NO;
				CLANG_ANALYZER_NONNULL = YES;
				CLANG_ANALYZER_NUMBER_OBJECT_CONVERSION = YES_AGGRESSIVE;
				CLANG_CXX_LANGUAGE_STANDARD = "gnu++14";
				CLANG_CXX_LIBRARY = "libc++";
				CLANG_ENABLE_MODULES = YES;
				CLANG_ENABLE_OBJC_ARC = YES;
				CLANG_ENABLE_OBJC_WEAK = YES;
				CLANG_WARN_BLOCK_CAPTURE_AUTORELEASING = YES;
				CLANG_WARN_BOOL_CONVERSION = YES;
				CLANG_WARN_COMMA = YES;
				CLANG_WARN_CONSTANT_CONVERSION = YES;
				CLANG_WARN_DEPRECATED_OBJC_IMPLEMENTATIONS = YES;
				CLANG_WARN_DIRECT_OBJC_ISA_USAGE = YES_ERROR;
				CLANG_WARN_DOCUMENTATION_COMMENTS = YES;
				CLANG_WARN_EMPTY_BODY = YES;
				CLANG_WARN_ENUM_CONVERSION = YES;
				CLANG_WARN_INFINITE_RECURSION = YES;
				CLANG_WARN_INT_CONVERSION = YES;
				CLANG_WARN_NON_LITERAL_NULL_CONVERSION = YES;
				CLANG_WARN_OBJC_IMPLICIT_RETAIN_SELF = YES;
				CLANG_WARN_OBJC_LITERAL_CONVERSION = YES;
				CLANG_WARN_OBJC_ROOT_CLASS = YES_ERROR;
				CLANG_WARN_RANGE_LOOP_ANALYSIS = YES;
				CLANG_WARN_STRICT_PROTOTYPES = YES;
				CLANG_WARN_SUSPICIOUS_MOVE = YES;
				CLANG_WARN_UNGUARDED_AVAILABILITY = YES_AGGRESSIVE;
				CLANG_WARN_UNREACHABLE_CODE = YES;
				CLANG_WARN__DUPLICATE_METHOD_MATCH = YES;
				CODE_SIGN_IDENTITY = "iPhone Developer";
				COPY_PHASE_STRIP = NO;
				DEBUG_INFORMATION_FORMAT = "dwarf-with-dsym";
				ENABLE_NS_ASSERTIONS = NO;
				ENABLE_STRICT_OBJC_MSGSEND = YES;
				GCC_C_LANGUAGE_STANDARD = gnu11;
				GCC_NO_COMMON_BLOCKS = YES;
				GCC_WARN_64_TO_32_BIT_CONVERSION = YES;
				GCC_WARN_ABOUT_RETURN_TYPE = YES_ERROR;
				GCC_WARN_UNDECLARED_SELECTOR = YES;
				GCC_WARN_UNINITIALIZED_AUTOS = YES_AGGRESSIVE;
				GCC_WARN_UNUSED_FUNCTION = YES;
				GCC_WARN_UNUSED_VARIABLE = YES;
				IPHONEOS_DEPLOYMENT_TARGET = 12.1;
				MTL_ENABLE_DEBUG_INFO = NO;
				MTL_FAST_MATH = YES;
				SDKROOT = iphoneos;
				VALIDATE_PRODUCT = YES;
			};
			name = Release;
		};
		EEDEB7BA21772038007B4835 /* Debug */ = {
			isa = XCBuildConfiguration;
			buildSettings = {
				ASSETCATALOG_COMPILER_APPICON_NAME = AppIcon;
				CODE_SIGN_STYLE = Automatic;
				DEVELOPMENT_TEAM = 49XFPF8C85;
				INFOPLIST_FILE = siriShortCutDemo/Info.plist;
				LD_RUNPATH_SEARCH_PATHS = (
					"$(inherited)",
					"@executable_path/Frameworks",
				);
				PRODUCT_BUNDLE_IDENTIFIER = com.cisco.siriShortCutDemo;
				PRODUCT_NAME = "$(TARGET_NAME)";
				TARGETED_DEVICE_FAMILY = "1,2";
			};
			name = Debug;
		};
		EEDEB7BB21772038007B4835 /* Release */ = {
			isa = XCBuildConfiguration;
			buildSettings = {
				ASSETCATALOG_COMPILER_APPICON_NAME = AppIcon;
				CODE_SIGN_STYLE = Automatic;
				DEVELOPMENT_TEAM = 49XFPF8C85;
				INFOPLIST_FILE = siriShortCutDemo/Info.plist;
				LD_RUNPATH_SEARCH_PATHS = (
					"$(inherited)",
					"@executable_path/Frameworks",
				);
				PRODUCT_BUNDLE_IDENTIFIER = com.cisco.siriShortCutDemo;
				PRODUCT_NAME = "$(TARGET_NAME)";
				TARGETED_DEVICE_FAMILY = "1,2";
			};
			name = Release;
		};
/* End XCBuildConfiguration section */

/* Begin XCConfigurationList section */
		EEDEB79E21772036007B4835 /* Build configuration list for PBXProject "siriShortCutDemo" */ = {
			isa = XCConfigurationList;
			buildConfigurations = (
				EEDEB7B721772038007B4835 /* Debug */,
				EEDEB7B821772038007B4835 /* Release */,
			);
			defaultConfigurationIsVisible = 0;
			defaultConfigurationName = Release;
		};
		EEDEB7B921772038007B4835 /* Build configuration list for PBXNativeTarget "siriShortCutDemo" */ = {
			isa = XCConfigurationList;
			buildConfigurations = (
				EEDEB7BA21772038007B4835 /* Debug */,
				EEDEB7BB21772038007B4835 /* Release */,
			);
			defaultConfigurationIsVisible = 0;
			defaultConfigurationName = Release;
		};
/* End XCConfigurationList section */
	};
	rootObject = EEDEB79B21772036007B4835 /* Project object */;
}
